// !$*UTF8*$!
{
	archiveVersion = 1;
	classes = {
	};
	objectVersion = 46;
	objects = {

/* Begin PBXBuildFile section */
		DF73A1611EB614C600AD6112 /* AppDelegate.swift in Sources */ = {isa = PBXBuildFile; fileRef = DF73A1601EB614C600AD6112 /* AppDelegate.swift */; };
		DF73A1631EB614C600AD6112 /* ViewController.swift in Sources */ = {isa = PBXBuildFile; fileRef = DF73A1621EB614C600AD6112 /* ViewController.swift */; };
		DF73A1661EB614C600AD6112 /* Main.storyboard in Resources */ = {isa = PBXBuildFile; fileRef = DF73A1641EB614C600AD6112 /* Main.storyboard */; };
		DF73A1681EB614C600AD6112 /* Assets.xcassets in Resources */ = {isa = PBXBuildFile; fileRef = DF73A1671EB614C600AD6112 /* Assets.xcassets */; };
		DF73A16B1EB614C600AD6112 /* LaunchScreen.storyboard in Resources */ = {isa = PBXBuildFile; fileRef = DF73A1691EB614C600AD6112 /* LaunchScreen.storyboard */; };
		DF73A1761EB614C600AD6112 /* MoneyTests.swift in Sources */ = {isa = PBXBuildFile; fileRef = DF73A1751EB614C600AD6112 /* MoneyTests.swift */; };
		DFBFCEAD1EB225A60098B3A0 /* Money.swift in Sources */ = {isa = PBXBuildFile; fileRef = DFBFCEAC1EB225A60098B3A0 /* Money.swift */; };
		DFBFCEAF1EB262670098B3A0 /* Broker.swift in Sources */ = {isa = PBXBuildFile; fileRef = DFBFCEAE1EB262670098B3A0 /* Broker.swift */; };
/* End PBXBuildFile section */

/* Begin PBXContainerItemProxy section */
		DF73A1721EB614C600AD6112 /* PBXContainerItemProxy */ = {
			isa = PBXContainerItemProxy;
			containerPortal = DF73A1551EB614C600AD6112 /* Project object */;
			proxyType = 1;
			remoteGlobalIDString = DF73A15C1EB614C600AD6112;
			remoteInfo = Money;
		};
/* End PBXContainerItemProxy section */

/* Begin PBXFileReference section */
		DF73A15D1EB614C600AD6112 /* Money.app */ = {isa = PBXFileReference; explicitFileType = wrapper.application; includeInIndex = 0; path = Money.app; sourceTree = BUILT_PRODUCTS_DIR; };
		DF73A1601EB614C600AD6112 /* AppDelegate.swift */ = {isa = PBXFileReference; lastKnownFileType = sourcecode.swift; path = AppDelegate.swift; sourceTree = "<group>"; };
		DF73A1621EB614C600AD6112 /* ViewController.swift */ = {isa = PBXFileReference; lastKnownFileType = sourcecode.swift; path = ViewController.swift; sourceTree = "<group>"; };
		DF73A1651EB614C600AD6112 /* Base */ = {isa = PBXFileReference; lastKnownFileType = file.storyboard; name = Base; path = Base.lproj/Main.storyboard; sourceTree = "<group>"; };
		DF73A1671EB614C600AD6112 /* Assets.xcassets */ = {isa = PBXFileReference; lastKnownFileType = folder.assetcatalog; path = Assets.xcassets; sourceTree = "<group>"; };
		DF73A16A1EB614C600AD6112 /* Base */ = {isa = PBXFileReference; lastKnownFileType = file.storyboard; name = Base; path = Base.lproj/LaunchScreen.storyboard; sourceTree = "<group>"; };
		DF73A16C1EB614C600AD6112 /* Info.plist */ = {isa = PBXFileReference; lastKnownFileType = text.plist.xml; path = Info.plist; sourceTree = "<group>"; };
		DF73A1711EB614C600AD6112 /* MoneyTests.xctest */ = {isa = PBXFileReference; explicitFileType = wrapper.cfbundle; includeInIndex = 0; path = MoneyTests.xctest; sourceTree = BUILT_PRODUCTS_DIR; };
		DF73A1751EB614C600AD6112 /* MoneyTests.swift */ = {isa = PBXFileReference; lastKnownFileType = sourcecode.swift; path = MoneyTests.swift; sourceTree = "<group>"; };
		DF73A1771EB614C600AD6112 /* Info.plist */ = {isa = PBXFileReference; lastKnownFileType = text.plist.xml; path = Info.plist; sourceTree = "<group>"; };
		DFBFCEAC1EB225A60098B3A0 /* Money.swift */ = {isa = PBXFileReference; fileEncoding = 4; lastKnownFileType = sourcecode.swift; path = Money.swift; sourceTree = "<group>"; };
		DFBFCEAE1EB262670098B3A0 /* Broker.swift */ = {isa = PBXFileReference; fileEncoding = 4; lastKnownFileType = sourcecode.swift; path = Broker.swift; sourceTree = "<group>"; };
/* End PBXFileReference section */

/* Begin PBXFrameworksBuildPhase section */
		DF73A15A1EB614C600AD6112 /* Frameworks */ = {
			isa = PBXFrameworksBuildPhase;
			buildActionMask = 2147483647;
			files = (
			);
			runOnlyForDeploymentPostprocessing = 0;
		};
		DF73A16E1EB614C600AD6112 /* Frameworks */ = {
			isa = PBXFrameworksBuildPhase;
			buildActionMask = 2147483647;
			files = (
			);
			runOnlyForDeploymentPostprocessing = 0;
		};
/* End PBXFrameworksBuildPhase section */

/* Begin PBXGroup section */
		DF73A1541EB614C600AD6112 = {
			isa = PBXGroup;
			children = (
				DF73A15F1EB614C600AD6112 /* Money */,
				DF73A1741EB614C600AD6112 /* MoneyTests */,
				DF73A15E1EB614C600AD6112 /* Products */,
			);
			sourceTree = "<group>";
		};
		DF73A15E1EB614C600AD6112 /* Products */ = {
			isa = PBXGroup;
			children = (
				DF73A15D1EB614C600AD6112 /* Money.app */,
				DF73A1711EB614C600AD6112 /* MoneyTests.xctest */,
			);
			name = Products;
			sourceTree = "<group>";
		};
		DF73A15F1EB614C600AD6112 /* Money */ = {
			isa = PBXGroup;
			children = (
				DFBFCEAB1EB2259A0098B3A0 /* Models */,
				DF73A1601EB614C600AD6112 /* AppDelegate.swift */,
				DF73A1621EB614C600AD6112 /* ViewController.swift */,
				DF73A1641EB614C600AD6112 /* Main.storyboard */,
				DF73A1671EB614C600AD6112 /* Assets.xcassets */,
				DF73A1691EB614C600AD6112 /* LaunchScreen.storyboard */,
				DF73A16C1EB614C600AD6112 /* Info.plist */,
			);
			path = Money;
			sourceTree = "<group>";
		};
		DF73A1741EB614C600AD6112 /* MoneyTests */ = {
			isa = PBXGroup;
			children = (
				DF73A1751EB614C600AD6112 /* MoneyTests.swift */,
				DF73A1771EB614C600AD6112 /* Info.plist */,
			);
			path = MoneyTests;
			sourceTree = "<group>";
		};
		DFBFCEAB1EB2259A0098B3A0 /* Models */ = {
			isa = PBXGroup;
			children = (
				DFBFCEAC1EB225A60098B3A0 /* Money.swift */,
				DFBFCEAE1EB262670098B3A0 /* Broker.swift */,
			);
			name = Models;
			sourceTree = "<group>";
		};
/* End PBXGroup section */

/* Begin PBXNativeTarget section */
		DF73A15C1EB614C600AD6112 /* Money */ = {
			isa = PBXNativeTarget;
			buildConfigurationList = DF73A17A1EB614C600AD6112 /* Build configuration list for PBXNativeTarget "Money" */;
			buildPhases = (
				DF73A1591EB614C600AD6112 /* Sources */,
				DF73A15A1EB614C600AD6112 /* Frameworks */,
				DF73A15B1EB614C600AD6112 /* Resources */,
			);
			buildRules = (
			);
			dependencies = (
			);
			name = Money;
			productName = Money;
			productReference = DF73A15D1EB614C600AD6112 /* Money.app */;
			productType = "com.apple.product-type.application";
		};
		DF73A1701EB614C600AD6112 /* MoneyTests */ = {
			isa = PBXNativeTarget;
			buildConfigurationList = DF73A17D1EB614C600AD6112 /* Build configuration list for PBXNativeTarget "MoneyTests" */;
			buildPhases = (
				DF73A16D1EB614C600AD6112 /* Sources */,
				DF73A16E1EB614C600AD6112 /* Frameworks */,
				DF73A16F1EB614C600AD6112 /* Resources */,
			);
			buildRules = (
			);
			dependencies = (
				DF73A1731EB614C600AD6112 /* PBXTargetDependency */,
			);
			name = MoneyTests;
			productName = MoneyTests;
			productReference = DF73A1711EB614C600AD6112 /* MoneyTests.xctest */;
			productType = "com.apple.product-type.bundle.unit-test";
		};
/* End PBXNativeTarget section */

/* Begin PBXProject section */
		DF73A1551EB614C600AD6112 /* Project object */ = {
			isa = PBXProject;
			attributes = {
				LastSwiftUpdateCheck = 0830;
				LastUpgradeCheck = 0830;
				ORGANIZATIONNAME = "Jose Sanchez Rodriguez";
				TargetAttributes = {
					DF73A15C1EB614C600AD6112 = {
						CreatedOnToolsVersion = 8.3.2;
						DevelopmentTeam = 6RPGGVZM93;
						ProvisioningStyle = Automatic;
					};
					DF73A1701EB614C600AD6112 = {
						CreatedOnToolsVersion = 8.3.2;
						DevelopmentTeam = 6RPGGVZM93;
						ProvisioningStyle = Automatic;
						TestTargetID = DF73A15C1EB614C600AD6112;
					};
				};
			};
			buildConfigurationList = DF73A1581EB614C600AD6112 /* Build configuration list for PBXProject "Money" */;
			compatibilityVersion = "Xcode 3.2";
			developmentRegion = English;
			hasScannedForEncodings = 0;
			knownRegions = (
				en,
				Base,
			);
			mainGroup = DF73A1541EB614C600AD6112;
			productRefGroup = DF73A15E1EB614C600AD6112 /* Products */;
			projectDirPath = "";
			projectRoot = "";
			targets = (
				DF73A15C1EB614C600AD6112 /* Money */,
				DF73A1701EB614C600AD6112 /* MoneyTests */,
			);
		};
/* End PBXProject section */

/* Begin PBXResourcesBuildPhase section */
		DF73A15B1EB614C600AD6112 /* Resources */ = {
			isa = PBXResourcesBuildPhase;
			buildActionMask = 2147483647;
			files = (
				DF73A16B1EB614C600AD6112 /* LaunchScreen.storyboard in Resources */,
				DF73A1681EB614C600AD6112 /* Assets.xcassets in Resources */,
				DF73A1661EB614C600AD6112 /* Main.storyboard in Resources */,
			);
			runOnlyForDeploymentPostprocessing = 0;
		};
		DF73A16F1EB614C600AD6112 /* Resources */ = {
			isa = PBXResourcesBuildPhase;
			buildActionMask = 2147483647;
			files = (
			);
			runOnlyForDeploymentPostprocessing = 0;
		};
/* End PBXResourcesBuildPhase section */

/* Begin PBXSourcesBuildPhase section */
		DF73A1591EB614C600AD6112 /* Sources */ = {
			isa = PBXSourcesBuildPhase;
			buildActionMask = 2147483647;
			files = (
				DFBFCEAF1EB262670098B3A0 /* Broker.swift in Sources */,
				DF73A1631EB614C600AD6112 /* ViewController.swift in Sources */,
				DF73A1611EB614C600AD6112 /* AppDelegate.swift in Sources */,
				DFBFCEAD1EB225A60098B3A0 /* Money.swift in Sources */,
			);
			runOnlyForDeploymentPostprocessing = 0;
		};
		DF73A16D1EB614C600AD6112 /* Sources */ = {
			isa = PBXSourcesBuildPhase;
			buildActionMask = 2147483647;
			files = (
				DF73A1761EB614C600AD6112 /* MoneyTests.swift in Sources */,
			);
			runOnlyForDeploymentPostprocessing = 0;
		};
/* End PBXSourcesBuildPhase section */

/* Begin PBXTargetDependency section */
		DF73A1731EB614C600AD6112 /* PBXTargetDependency */ = {
			isa = PBXTargetDependency;
			target = DF73A15C1EB614C600AD6112 /* Money */;
			targetProxy = DF73A1721EB614C600AD6112 /* PBXContainerItemProxy */;
		};
/* End PBXTargetDependency section */

/* Begin PBXVariantGroup section */
		DF73A1641EB614C600AD6112 /* Main.storyboard */ = {
			isa = PBXVariantGroup;
			children = (
				DF73A1651EB614C600AD6112 /* Base */,
			);
			name = Main.storyboard;
			sourceTree = "<group>";
		};
		DF73A1691EB614C600AD6112 /* LaunchScreen.storyboard */ = {
			isa = PBXVariantGroup;
			children = (
				DF73A16A1EB614C600AD6112 /* Base */,
			);
			name = LaunchScreen.storyboard;
			sourceTree = "<group>";
		};
/* End PBXVariantGroup section */

/* Begin XCBuildConfiguration section */
		DF73A1781EB614C600AD6112 /* Debug */ = {
			isa = XCBuildConfiguration;
			buildSettings = {
				ALWAYS_SEARCH_USER_PATHS = NO;
				CLANG_ANALYZER_NONNULL = YES;
				CLANG_ANALYZER_NUMBER_OBJECT_CONVERSION = YES_AGGRESSIVE;
				CLANG_CXX_LANGUAGE_STANDARD = "gnu++0x";
				CLANG_CXX_LIBRARY = "libc++";
				CLANG_ENABLE_MODULES = YES;
				CLANG_ENABLE_OBJC_ARC = YES;
				CLANG_WARN_BOOL_CONVERSION = YES;
				CLANG_WARN_CONSTANT_CONVERSION = YES;
				CLANG_WARN_DIRECT_OBJC_ISA_USAGE = YES_ERROR;
				CLANG_WARN_DOCUMENTATION_COMMENTS = YES;
				CLANG_WARN_EMPTY_BODY = YES;
				CLANG_WARN_ENUM_CONVERSION = YES;
				CLANG_WARN_INFINITE_RECURSION = YES;
				CLANG_WARN_INT_CONVERSION = YES;
				CLANG_WARN_OBJC_ROOT_CLASS = YES_ERROR;
				CLANG_WARN_SUSPICIOUS_MOVE = YES;
				CLANG_WARN_UNREACHABLE_CODE = YES;
				CLANG_WARN__DUPLICATE_METHOD_MATCH = YES;
				"CODE_SIGN_IDENTITY[sdk=iphoneos*]" = "iPhone Developer";
				COPY_PHASE_STRIP = NO;
				DEBUG_INFORMATION_FORMAT = dwarf;
				ENABLE_STRICT_OBJC_MSGSEND = YES;
				ENABLE_TESTABILITY = YES;
				GCC_C_LANGUAGE_STANDARD = gnu99;
				GCC_DYNAMIC_NO_PIC = NO;
				GCC_NO_COMMON_BLOCKS = YES;
				GCC_OPTIMIZATION_LEVEL = 0;
				GCC_PREPROCESSOR_DEFINITIONS = (
					"DEBUG=1",
					"$(inherited)",
				);
				GCC_WARN_64_TO_32_BIT_CONVERSION = YES;
				GCC_WARN_ABOUT_RETURN_TYPE = YES_ERROR;
				GCC_WARN_UNDECLARED_SELECTOR = YES;
				GCC_WARN_UNINITIALIZED_AUTOS = YES_AGGRESSIVE;
				GCC_WARN_UNUSED_FUNCTION = YES;
				GCC_WARN_UNUSED_VARIABLE = YES;
				IPHONEOS_DEPLOYMENT_TARGET = 10.3;
				MTL_ENABLE_DEBUG_INFO = YES;
				ONLY_ACTIVE_ARCH = YES;
				SDKROOT = iphoneos;
				SWIFT_ACTIVE_COMPILATION_CONDITIONS = DEBUG;
				SWIFT_OPTIMIZATION_LEVEL = "-Onone";
				TARGETED_DEVICE_FAMILY = "1,2";
			};
			name = Debug;
		};
		DF73A1791EB614C600AD6112 /* Release */ = {
			isa = XCBuildConfiguration;
			buildSettings = {
				ALWAYS_SEARCH_USER_PATHS = NO;
				CLANG_ANALYZER_NONNULL = YES;
				CLANG_ANALYZER_NUMBER_OBJECT_CONVERSION = YES_AGGRESSIVE;
				CLANG_CXX_LANGUAGE_STANDARD = "gnu++0x";
				CLANG_CXX_LIBRARY = "libc++";
				CLANG_ENABLE_MODULES = YES;
				CLANG_ENABLE_OBJC_ARC = YES;
				CLANG_WARN_BOOL_CONVERSION = YES;
				CLANG_WARN_CONSTANT_CONVERSION = YES;
				CLANG_WARN_DIRECT_OBJC_ISA_USAGE = YES_ERROR;
				CLANG_WARN_DOCUMENTATION_COMMENTS = YES;
				CLANG_WARN_EMPTY_BODY = YES;
				CLANG_WARN_ENUM_CONVERSION = YES;
				CLANG_WARN_INFINITE_RECURSION = YES;
				CLANG_WARN_INT_CONVERSION = YES;
				CLANG_WARN_OBJC_ROOT_CLASS = YES_ERROR;
				CLANG_WARN_SUSPICIOUS_MOVE = YES;
				CLANG_WARN_UNREACHABLE_CODE = YES;
				CLANG_WARN__DUPLICATE_METHOD_MATCH = YES;
				"CODE_SIGN_IDENTITY[sdk=iphoneos*]" = "iPhone Developer";
				COPY_PHASE_STRIP = NO;
				DEBUG_INFORMATION_FORMAT = "dwarf-with-dsym";
				ENABLE_NS_ASSERTIONS = NO;
				ENABLE_STRICT_OBJC_MSGSEND = YES;
				GCC_C_LANGUAGE_STANDARD = gnu99;
				GCC_NO_COMMON_BLOCKS = YES;
				GCC_WARN_64_TO_32_BIT_CONVERSION = YES;
				GCC_WARN_ABOUT_RETURN_TYPE = YES_ERROR;
				GCC_WARN_UNDECLARED_SELECTOR = YES;
				GCC_WARN_UNINITIALIZED_AUTOS = YES_AGGRESSIVE;
				GCC_WARN_UNUSED_FUNCTION = YES;
				GCC_WARN_UNUSED_VARIABLE = YES;
				IPHONEOS_DEPLOYMENT_TARGET = 10.3;
				MTL_ENABLE_DEBUG_INFO = NO;
				SDKROOT = iphoneos;
				SWIFT_OPTIMIZATION_LEVEL = "-Owholemodule";
				TARGETED_DEVICE_FAMILY = "1,2";
				VALIDATE_PRODUCT = YES;
			};
			name = Release;
		};
		DF73A17B1EB614C600AD6112 /* Debug */ = {
			isa = XCBuildConfiguration;
			buildSettings = {
				ASSETCATALOG_COMPILER_APPICON_NAME = AppIcon;
				DEVELOPMENT_TEAM = 6RPGGVZM93;
				INFOPLIST_FILE = Money/Info.plist;
				LD_RUNPATH_SEARCH_PATHS = "$(inherited) @executable_path/Frameworks";
				PRODUCT_BUNDLE_IDENTIFIER = JoseJacin.Money;
				PRODUCT_NAME = "$(TARGET_NAME)";
				SWIFT_VERSION = 3.0;
			};
			name = Debug;
		};
		DF73A17C1EB614C600AD6112 /* Release */ = {
			isa = XCBuildConfiguration;
			buildSettings = {
				ASSETCATALOG_COMPILER_APPICON_NAME = AppIcon;
				DEVELOPMENT_TEAM = 6RPGGVZM93;
				INFOPLIST_FILE = Money/Info.plist;
				LD_RUNPATH_SEARCH_PATHS = "$(inherited) @executable_path/Frameworks";
				PRODUCT_BUNDLE_IDENTIFIER = JoseJacin.Money;
				PRODUCT_NAME = "$(TARGET_NAME)";
				SWIFT_VERSION = 3.0;
			};
			name = Release;
		};
		DF73A17E1EB614C600AD6112 /* Debug */ = {
			isa = XCBuildConfiguration;
			buildSettings = {
				ALWAYS_EMBED_SWIFT_STANDARD_LIBRARIES = YES;
				BUNDLE_LOADER = "$(TEST_HOST)";
				DEVELOPMENT_TEAM = 6RPGGVZM93;
				INFOPLIST_FILE = MoneyTests/Info.plist;
				LD_RUNPATH_SEARCH_PATHS = "$(inherited) @executable_path/Frameworks @loader_path/Frameworks";
				PRODUCT_BUNDLE_IDENTIFIER = JoseJacin.MoneyTests;
				PRODUCT_NAME = "$(TARGET_NAME)";
				SWIFT_VERSION = 3.0;
				TEST_HOST = "$(BUILT_PRODUCTS_DIR)/Money.app/Money";
			};
			name = Debug;
		};
		DF73A17F1EB614C600AD6112 /* Release */ = {
			isa = XCBuildConfiguration;
			buildSettings = {
				ALWAYS_EMBED_SWIFT_STANDARD_LIBRARIES = YES;
				BUNDLE_LOADER = "$(TEST_HOST)";
				DEVELOPMENT_TEAM = 6RPGGVZM93;
				INFOPLIST_FILE = MoneyTests/Info.plist;
				LD_RUNPATH_SEARCH_PATHS = "$(inherited) @executable_path/Frameworks @loader_path/Frameworks";
				PRODUCT_BUNDLE_IDENTIFIER = JoseJacin.MoneyTests;
				PRODUCT_NAME = "$(TARGET_NAME)";
				SWIFT_VERSION = 3.0;
				TEST_HOST = "$(BUILT_PRODUCTS_DIR)/Money.app/Money";
			};
			name = Release;
		};
/* End XCBuildConfiguration section */

/* Begin XCConfigurationList section */
		DF73A1581EB614C600AD6112 /* Build configuration list for PBXProject "Money" */ = {
			isa = XCConfigurationList;
			buildConfigurations = (
				DF73A1781EB614C600AD6112 /* Debug */,
				DF73A1791EB614C600AD6112 /* Release */,
			);
			defaultConfigurationIsVisible = 0;
			defaultConfigurationName = Release;
		};
		DF73A17A1EB614C600AD6112 /* Build configuration list for PBXNativeTarget "Money" */ = {
			isa = XCConfigurationList;
			buildConfigurations = (
				DF73A17B1EB614C600AD6112 /* Debug */,
				DF73A17C1EB614C600AD6112 /* Release */,
			);
			defaultConfigurationIsVisible = 0;
			defaultConfigurationName = Release;
		};
		DF73A17D1EB614C600AD6112 /* Build configuration list for PBXNativeTarget "MoneyTests" */ = {
			isa = XCConfigurationList;
			buildConfigurations = (
				DF73A17E1EB614C600AD6112 /* Debug */,
				DF73A17F1EB614C600AD6112 /* Release */,
			);
			defaultConfigurationIsVisible = 0;
			defaultConfigurationName = Release;
		};
/* End XCConfigurationList section */
	};
	rootObject = DF73A1551EB614C600AD6112 /* Project object */;
}
